{
  "name": "testnpm",
  "version": "1.0.0",
  "lockfileVersion": 2,
  "requires": true,
  "packages": {
    "": {
      "name": "testnpm",
      "version": "1.0.0",
      "license": "ISC",
      "dependencies": {
        "chart.js": "^3.9.1",
        "emoji-wine-glass": "^1.3.0",
        "moment": "^2.29.4"
      }
    },
    "node_modules/chart.js": {
      "version": "3.9.1",
      "resolved": "https://registry.npmjs.org/chart.js/-/chart.js-3.9.1.tgz",
      "integrity": "sha512-Ro2JbLmvg83gXF5F4sniaQ+lTbSv18E+TIf2cOeiH1Iqd2PGFOtem+DUufMZsCJwFE7ywPOpfXFBwRTGq7dh6w=="
    },
    "node_modules/emoji-wine-glass": {
      "version": "1.3.0",
      "resolved": "https://registry.npmjs.org/emoji-wine-glass/-/emoji-wine-glass-1.3.0.tgz",
      "integrity": "sha512-QsoakSdAtVonMWxflywxFF+2jBGLOr1xZ7SOZctGac182JwYjkT6j2+PyQupHWyzkHncT2uqzd27X1+E4qy7ww=="
    },
    "node_modules/moment": {
      "version": "2.29.4",
      "resolved": "https://registry.npmjs.org/moment/-/moment-2.29.4.tgz",
      "integrity": "sha512-5LC9SOxjSc2HF6vO2CyuTDNivEdoz2IvyJJGj6X8DJ0eFyfszE0QiEd+iXmBvUP3WHxSjFH/vIsA0EN00cgr8w==",
      "engines": {
        "node": "*"
      }
    }
  },
  "dependencies": {
    "chart.js": {
      "version": "3.9.1",
      "resolved": "https://registry.npmjs.org/chart.js/-/chart.js-3.9.1.tgz",
      "integrity": "sha512-Ro2JbLmvg83gXF5F4sniaQ+lTbSv18E+TIf2cOeiH1Iqd2PGFOtem+DUufMZsCJwFE7ywPOpfXFBwRTGq7dh6w=="
    },
    "emoji-wine-glass": {
      "version": "1.3.0",
      "resolved": "https://registry.npmjs.org/emoji-wine-glass/-/emoji-wine-glass-1.3.0.tgz",
      "integrity": "sha512-QsoakSdAtVonMWxflywxFF+2jBGLOr1xZ7SOZctGac182JwYjkT6j2+PyQupHWyzkHncT2uqzd27X1+E4qy7ww=="
    },
    "moment": {
      "version": "2.29.4",
      "resolved": "https://registry.npmjs.org/moment/-/moment-2.29.4.tgz",
      "integrity": "sha512-5LC9SOxjSc2HF6vO2CyuTDNivEdoz2IvyJJGj6X8DJ0eFyfszE0QiEd+iXmBvUP3WHxSjFH/vIsA0EN00cgr8w=="
    }
  }
}
